# This file is machine-generated by `gh actions-lock`.
# Do not edit by hand; run `gh actions-lock` to update.
# Docs: https://gh.io/actions-lockfile
version: 'v0.0.2'
workflows:
    '.github/workflows/ci.yml':
        - 'actions/checkout@v7.0.1'
        - 'oven-sh/setup-bun@v2.2.0'
    '.github/workflows/codeql.yml':
        - 'actions/checkout@v7.0.1'
        - 'github/codeql-action@v4.37.8'
    '.github/workflows/label-triage.yml': []
    '.github/workflows/labels.yml': []
    '.github/workflows/secret-scanner.yml': []
dependencies:
    'actions/checkout@v7.0.1':
        ref: 'v7.0.1'
        commit: 'sha1-3d3c42e5aac5ba805825da76410c181273ba90b1'
        owner_id: 44036562
        repo_id: 197814629
    'github/codeql-action@v4.37.8':
        ref: 'v4.37.8'
        commit: 'sha1-db488ddef3bf6cb639b32c2e9a7c0a7ea8271d28'
        owner_id: 9919
        repo_id: 259445878
    'oven-sh/setup-bun@v2.2.0':
        ref: 'v2.2.0'
        commit: 'sha1-0c5077e51419868618aeaa5fe8019c62421857d6'
        owner_id: 108928776
        repo_id: 512644635
