# This file is machine-generated by `gh actions-lock`.
# Do not edit by hand; run `gh actions-lock` to update.
# Docs: https://gh.io/actions-lockfile
version: 'v0.0.2'
workflows:
    '.github/workflows/ci.yml':
        - 'actions/checkout@v7.0.1'
        - 'actions/setup-node@v7.0.0'
        - 'taiki-e/install-action@v2.85.7'
    '.github/workflows/codeql.yml':
        - 'actions/checkout@v7.0.1'
        - 'github/codeql-action@v4.37.4'
dependencies:
    'actions/checkout@v7.0.1':
        ref: 'v7.0.1'
        commit: 'sha1-3d3c42e5aac5ba805825da76410c181273ba90b1'
        owner_id: 44036562
        repo_id: 197814629
    'actions/setup-node@v7.0.0':
        ref: 'v7.0.0'
        commit: 'sha1-820762786026740c76f36085b0efc47a31fe5020'
        owner_id: 44036562
        repo_id: 189476904
    'github/codeql-action@v4.37.4':
        ref: 'v4.37.4'
        commit: 'sha1-f205ea1c3313d32999d8d6a48b4f6530d4437b38'
        owner_id: 9919
        repo_id: 259445878
    'taiki-e/install-action@v2.85.7':
        ref: 'v2.85.7'
        commit: 'sha1-67729d5c413db75907f0ad1e39bb04b9c868ff60'
        owner_id: 43724913
        repo_id: 442947557
