# This file is machine-generated by `gh actions-lock`.
# Do not edit by hand; run `gh actions-lock` to update.
# Docs: https://gh.io/actions-lockfile
version: 'v0.0.2'
workflows:
    '.github/workflows/ci.yml':
        - 'actions/checkout@v7.0.1'
        - 'actions/setup-node@v7.0.0'
        - 'taiki-e/install-action@v2.86.2'
    '.github/workflows/codeql.yml':
        - 'actions/checkout@v7.0.1'
        - 'github/codeql-action@v4.37.7'
    '.github/workflows/secret-scanner.yml': []
dependencies:
    'actions/checkout@v7.0.1':
        ref: 'v7.0.1'
        commit: 'sha1-3d3c42e5aac5ba805825da76410c181273ba90b1'
        owner_id: 44036562
        repo_id: 197814629
    'actions/setup-node@v7.0.0':
        ref: 'v7.0.0'
        commit: 'sha1-820762786026740c76f36085b0efc47a31fe5020'
        owner_id: 44036562
        repo_id: 189476904
    'github/codeql-action@v4.37.7':
        ref: 'v4.37.7'
        commit: 'sha1-ff2f1c621b7f889edc0d3c761ac2e6a3f8cdb0dd'
        owner_id: 9919
        repo_id: 259445878
    'taiki-e/install-action@v2.86.2':
        ref: 'v2.86.2'
        commit: 'sha1-b6b84cf49ebfe0176417bdce007c624f0db37f20'
        owner_id: 43724913
        repo_id: 442947557
